
Microsoft Visual Studio Solution File, Format Version 12.00
# Visual Studio Version 16
VisualStudioVersion = 16.0.29009.5
MinimumVisualStudioVersion = 10.0.40219.1
Project("{FAE04EC0-301F-11D3-BF4B-00C04F79EFBC}") = "QuikcInsertion", "QuikcInsertion\QuikcInsertion.csproj", "{89BE0E46-926D-4756-9782-10B1CB4DB8FB}"
EndProject
Global
	GlobalSection(SolutionConfigurationPlatforms) = preSolution
		Debug|Any CPU = Debug|Any CPU
		Release|Any CPU = Release|Any CPU
	EndGlobalSection
	GlobalSection(ProjectConfigurationPlatforms) = postSolution
		{89BE0E46-926D-4756-9782-10B1CB4DB8FB}.Debug|Any CPU.ActiveCfg = Debug|Any CPU
		{89BE0E46-926D-4756-9782-10B1CB4DB8FB}.Debug|Any CPU.Build.0 = Debug|Any CPU
		{89BE0E46-926D-4756-9782-10B1CB4DB8FB}.Release|Any CPU.ActiveCfg = Release|Any CPU
		{89BE0E46-926D-4756-9782-10B1CB4DB8FB}.Release|Any CPU.Build.0 = Release|Any CPU
	EndGlobalSection
	GlobalSection(SolutionProperties) = preSolution
		HideSolutionNode = FALSE
	EndGlobalSection
	GlobalSection(ExtensibilityGlobals) = postSolution
		SolutionGuid = {0120BDC9-968C-439F-8F45-8FDB4A9773D8}
	EndGlobalSection
EndGlobal
